PODS:
  - Masonry (1.1.0)
  - SDIJKPlayerSSL (1.1.0)
  - SVProgressHUD (2.2.5)
  - YYCache (1.0.4)
  - YYImage (1.0.4):
    - YYImage/Core (= 1.0.4)
  - YYImage/Core (1.0.4)
  - YYWebImage (1.0.5):
    - YYCache
    - YYImage

DEPENDENCIES:
  - Masonry
  - SDIJKPlayerSSL (from `../`)
  - SVProgressHUD
  - YYWebImage

SPEC REPOS:
  https://github.com/cocoapods/specs.git:
    - Masonry
    - SVProgressHUD
    - YYCache
    - YYImage
    - YYWebImage

EXTERNAL SOURCES:
  SDIJKPlayerSSL:
    :path: "../"

SPEC CHECKSUMS:
  Masonry: 678fab65091a9290e40e2832a55e7ab731aad201
  SDIJKPlayerSSL: 73051a90478706212d9a41777229281fa159d868
  SVProgressHUD: 1428aafac632c1f86f62aa4243ec12008d7a51d6
  YYCache: 8105b6638f5e849296c71f331ff83891a4942952
  YYImage: 1e1b62a9997399593e4b9c4ecfbbabbf1d3f3b54
  YYWebImage: 5f7f36aee2ae293f016d418c7d6ba05c4863e928

PODFILE CHECKSUM: 90d23eb0919264faa8dc10307f93acb4e78d1fca

COCOAPODS: 1.5.3
